
Microsoft Visual Studio Solution File, Format Version 12.00
# Visual Studio Version 17
VisualStudioVersion = 17.4.33122.133
MinimumVisualStudioVersion = 10.0.40219.1
Project("{FAE04EC0-301F-11D3-BF4B-00C04F79EFBC}") = "Task 13.6.1", "Task 13.6.1\Task 13.6.1.csproj", "{EBF7971B-081E-4A30-9D93-5933FE0561FD}"
EndProject
Project("{FAE04EC0-301F-11D3-BF4B-00C04F79EFBC}") = "Task 13.6.2", "Task 13.6.2\Task 13.6.2.csproj", "{308130F5-298C-4627-8092-44116E3D0B49}"
EndProject
Global
	GlobalSection(SolutionConfigurationPlatforms) = preSolution
		Debug|Any CPU = Debug|Any CPU
		Release|Any CPU = Release|Any CPU
	EndGlobalSection
	GlobalSection(ProjectConfigurationPlatforms) = postSolution
		{EBF7971B-081E-4A30-9D93-5933FE0561FD}.Debug|Any CPU.ActiveCfg = Debug|Any CPU
		{EBF7971B-081E-4A30-9D93-5933FE0561FD}.Debug|Any CPU.Build.0 = Debug|Any CPU
		{EBF7971B-081E-4A30-9D93-5933FE0561FD}.Release|Any CPU.ActiveCfg = Release|Any CPU
		{EBF7971B-081E-4A30-9D93-5933FE0561FD}.Release|Any CPU.Build.0 = Release|Any CPU
		{308130F5-298C-4627-8092-44116E3D0B49}.Debug|Any CPU.ActiveCfg = Debug|Any CPU
		{308130F5-298C-4627-8092-44116E3D0B49}.Debug|Any CPU.Build.0 = Debug|Any CPU
		{308130F5-298C-4627-8092-44116E3D0B49}.Release|Any CPU.ActiveCfg = Release|Any CPU
		{308130F5-298C-4627-8092-44116E3D0B49}.Release|Any CPU.Build.0 = Release|Any CPU
	EndGlobalSection
	GlobalSection(SolutionProperties) = preSolution
		HideSolutionNode = FALSE
	EndGlobalSection
	GlobalSection(ExtensibilityGlobals) = postSolution
		SolutionGuid = {E37B9F96-383E-4301-AA54-A0E11ABC8984}
	EndGlobalSection
EndGlobal
